// !$*UTF8*$!
{
	archiveVersion = 1;
	classes = {
	};
	objectVersion = 56;
	objects = {

/* Begin PBXBuildFile section */
		1E0532562AA4CE06005409BA /* ShunkanApp.swift in Sources */ = {isa = PBXBuildFile; fileRef = 1E0532552AA4CE06005409BA /* ShunkanApp.swift */; };
		1E0532582AA4CE06005409BA /* ContentView.swift in Sources */ = {isa = PBXBuildFile; fileRef = 1E0532572AA4CE06005409BA /* ContentView.swift */; };
		1E05325A2AA4CE08005409BA /* Assets.xcassets in Resources */ = {isa = PBXBuildFile; fileRef = 1E0532592AA4CE08005409BA /* Assets.xcassets */; };
		1E05325D2AA4CE08005409BA /* Preview Assets.xcassets in Resources */ = {isa = PBXBuildFile; fileRef = 1E05325C2AA4CE08005409BA /* Preview Assets.xcassets */; };
		1E0532712AA4CF2C005409BA /* MainTabView.swift in Sources */ = {isa = PBXBuildFile; fileRef = 1E0532702AA4CF2C005409BA /* MainTabView.swift */; };
		1E0532732AA4E132005409BA /* ProfileView.swift in Sources */ = {isa = PBXBuildFile; fileRef = 1E0532722AA4E132005409BA /* ProfileView.swift */; };
		1E0532762AA51895005409BA /* UserStackView.swift in Sources */ = {isa = PBXBuildFile; fileRef = 1E0532752AA51895005409BA /* UserStackView.swift */; };
		1E0791042AA7646800F7A79C /* SearchView.swift in Sources */ = {isa = PBXBuildFile; fileRef = 1E0791032AA7646800F7A79C /* SearchView.swift */; };
		1E0791072AA764C600F7A79C /* Layout1.swift in Sources */ = {isa = PBXBuildFile; fileRef = 1E0791062AA764C600F7A79C /* Layout1.swift */; };
		1E07910A2AA7684100F7A79C /* SDWebImageSwiftUI in Frameworks */ = {isa = PBXBuildFile; productRef = 1E0791092AA7684100F7A79C /* SDWebImageSwiftUI */; };
		1E07910C2AA768ED00F7A79C /* Layout2.swift in Sources */ = {isa = PBXBuildFile; fileRef = 1E07910B2AA768ED00F7A79C /* Layout2.swift */; };
		1E07910E2AA7693A00F7A79C /* Layout3.swift in Sources */ = {isa = PBXBuildFile; fileRef = 1E07910D2AA7693A00F7A79C /* Layout3.swift */; };
		1E0791102AA76E7E00F7A79C /* SearchBar.swift in Sources */ = {isa = PBXBuildFile; fileRef = 1E07910F2AA76E7E00F7A79C /* SearchBar.swift */; };
		1E0AB7252AB4203D004D825B /* Constants.swift in Sources */ = {isa = PBXBuildFile; fileRef = 1E0AB7242AB4203D004D825B /* Constants.swift */; };
		1E0AB7272AB420D6004D825B /* Sheet.swift in Sources */ = {isa = PBXBuildFile; fileRef = 1E0AB7262AB420D6004D825B /* Sheet.swift */; };
		1E0AB72B2AB433B2004D825B /* SettingsView.swift in Sources */ = {isa = PBXBuildFile; fileRef = 1E0AB72A2AB433B2004D825B /* SettingsView.swift */; };
		1E0AB72D2AB434B9004D825B /* SettingViewItem.swift in Sources */ = {isa = PBXBuildFile; fileRef = 1E0AB72C2AB434B9004D825B /* SettingViewItem.swift */; };
		1E3815D02AA84CFF00B5AFA3 /* SearchList.swift in Sources */ = {isa = PBXBuildFile; fileRef = 1E3815CF2AA84CFF00B5AFA3 /* SearchList.swift */; };
		1E3815D22AA84F4C00B5AFA3 /* LoginView.swift in Sources */ = {isa = PBXBuildFile; fileRef = 1E3815D12AA84F4C00B5AFA3 /* LoginView.swift */; };
		1E3815D42AA87F6E00B5AFA3 /* SignInView.swift in Sources */ = {isa = PBXBuildFile; fileRef = 1E3815D32AA87F6E00B5AFA3 /* SignInView.swift */; };
		1E3CE1FD2AAB727E00BCC3F8 /* User.swift in Sources */ = {isa = PBXBuildFile; fileRef = 1E3CE1FC2AAB727E00BCC3F8 /* User.swift */; };
		1E3CE1FF2AAB8DC500BCC3F8 /* Comment.swift in Sources */ = {isa = PBXBuildFile; fileRef = 1E3CE1FE2AAB8DC500BCC3F8 /* Comment.swift */; };
		1E3CE2012AAB8FCA00BCC3F8 /* Likable.swift in Sources */ = {isa = PBXBuildFile; fileRef = 1E3CE2002AAB8FCA00BCC3F8 /* Likable.swift */; };
		1E3CE2032AAB8FDF00BCC3F8 /* Post.swift in Sources */ = {isa = PBXBuildFile; fileRef = 1E3CE2022AAB8FDF00BCC3F8 /* Post.swift */; };
		1E3CE2052AAB908200BCC3F8 /* Notification.swift in Sources */ = {isa = PBXBuildFile; fileRef = 1E3CE2042AAB908200BCC3F8 /* Notification.swift */; };
		1E3CE2072AABA4AB00BCC3F8 /* Message.swift in Sources */ = {isa = PBXBuildFile; fileRef = 1E3CE2062AABA4AB00BCC3F8 /* Message.swift */; };
		1E3CE2092AABA4EE00BCC3F8 /* Settings.swift in Sources */ = {isa = PBXBuildFile; fileRef = 1E3CE2082AABA4EE00BCC3F8 /* Settings.swift */; };
		1E3CE20B2AABA4FC00BCC3F8 /* Analytics.swift in Sources */ = {isa = PBXBuildFile; fileRef = 1E3CE20A2AABA4FC00BCC3F8 /* Analytics.swift */; };
		1E3CE20D2AABA7A800BCC3F8 /* Story.swift in Sources */ = {isa = PBXBuildFile; fileRef = 1E3CE20C2AABA7A800BCC3F8 /* Story.swift */; };
		1E3CE20F2AABA7C300BCC3F8 /* Highlight.swift in Sources */ = {isa = PBXBuildFile; fileRef = 1E3CE20E2AABA7C300BCC3F8 /* Highlight.swift */; };
		1E4CD6532AAE0C5900404307 /* UploadPostView.swift in Sources */ = {isa = PBXBuildFile; fileRef = 1E4CD6522AAE0C5900404307 /* UploadPostView.swift */; };
		1E4CD6562AAE112700404307 /* YPImagePicker in Frameworks */ = {isa = PBXBuildFile; productRef = 1E4CD6552AAE112700404307 /* YPImagePicker */; };
		1E4CD6582AAE121300404307 /* PhotoPicker.swift in Sources */ = {isa = PBXBuildFile; fileRef = 1E4CD6572AAE121300404307 /* PhotoPicker.swift */; };
		1E4CD65A2AAE185E00404307 /* NewPostView.swift in Sources */ = {isa = PBXBuildFile; fileRef = 1E4CD6592AAE185E00404307 /* NewPostView.swift */; };
		1E4CD65E2AAE318A00404307 /* UploadPostViewModel.swift in Sources */ = {isa = PBXBuildFile; fileRef = 1E4CD65D2AAE318A00404307 /* UploadPostViewModel.swift */; };
		1E5942DE2AA89F9600BCE06E /* AddEmailView.swift in Sources */ = {isa = PBXBuildFile; fileRef = 1E5942DD2AA89F9600BCE06E /* AddEmailView.swift */; };
		1E5942E02AA8BE8900BCE06E /* TextFieldModifier.swift in Sources */ = {isa = PBXBuildFile; fileRef = 1E5942DF2AA8BE8900BCE06E /* TextFieldModifier.swift */; };
		1E5942E22AA8BF9500BCE06E /* CreateUsernameView.swift in Sources */ = {isa = PBXBuildFile; fileRef = 1E5942E12AA8BF9500BCE06E /* CreateUsernameView.swift */; };
		1E5942E42AA8C25500BCE06E /* CreatePasswordView.swift in Sources */ = {isa = PBXBuildFile; fileRef = 1E5942E32AA8C25500BCE06E /* CreatePasswordView.swift */; };
		1E7A87F72AA5AC8C00F595E7 /* Highlights.swift in Sources */ = {isa = PBXBuildFile; fileRef = 1E7A87F62AA5AC8C00F595E7 /* Highlights.swift */; };
		1E7A87F92AA5AD0F00F595E7 /* HighlightStory.swift in Sources */ = {isa = PBXBuildFile; fileRef = 1E7A87F82AA5AD0F00F595E7 /* HighlightStory.swift */; };
		1E7A87FC2AA5C89300F595E7 /* Grids.swift in Sources */ = {isa = PBXBuildFile; fileRef = 1E7A87FB2AA5C89300F595E7 /* Grids.swift */; };
		1E7A87FE2AA5C91500F595E7 /* LazyGrid.swift in Sources */ = {isa = PBXBuildFile; fileRef = 1E7A87FD2AA5C91500F595E7 /* LazyGrid.swift */; };
		1E89961C2AAF51FE00907224 /* SearchFeed.swift in Sources */ = {isa = PBXBuildFile; fileRef = 1E89961B2AAF51FE00907224 /* SearchFeed.swift */; };
		1E8996212AAF9AFD00907224 /* GoogleService-Info.plist in Resources */ = {isa = PBXBuildFile; fileRef = 1E8996202AAF9AFD00907224 /* GoogleService-Info.plist */; };
		1E994CC42AACA4D40063DA4A /* CurrentUserProfileView.swift in Sources */ = {isa = PBXBuildFile; fileRef = 1E994CC32AACA4D40063DA4A /* CurrentUserProfileView.swift */; };
		1E994CC72AACFD890063DA4A /* Date.swift in Sources */ = {isa = PBXBuildFile; fileRef = 1E994CC62AACFD890063DA4A /* Date.swift */; };
		1EA5E69A2AAA25CA009F248B /* CompleteSignUp.swift in Sources */ = {isa = PBXBuildFile; fileRef = 1EA5E6992AAA25CA009F248B /* CompleteSignUp.swift */; };
		1ECD70D52AB04414003F939F /* AuthService.swift in Sources */ = {isa = PBXBuildFile; fileRef = 1ECD70D42AB04414003F939F /* AuthService.swift */; };
		1ECD70D82AB04522003F939F /* FirebaseAuth in Frameworks */ = {isa = PBXBuildFile; productRef = 1ECD70D72AB04522003F939F /* FirebaseAuth */; };
		1ECD70DA2AB0452A003F939F /* FirebaseFirestore in Frameworks */ = {isa = PBXBuildFile; productRef = 1ECD70D92AB0452A003F939F /* FirebaseFirestore */; };
		1ECD70DC2AB04537003F939F /* FirebaseStorage in Frameworks */ = {isa = PBXBuildFile; productRef = 1ECD70DB2AB04537003F939F /* FirebaseStorage */; };
		1ECD70DE2AB04544003F939F /* FirebaseAnalyticsSwift in Frameworks */ = {isa = PBXBuildFile; productRef = 1ECD70DD2AB04544003F939F /* FirebaseAnalyticsSwift */; };
		1ECD70E22AB0460D003F939F /* ContentViewModel.swift in Sources */ = {isa = PBXBuildFile; fileRef = 1ECD70E12AB0460D003F939F /* ContentViewModel.swift */; };
		1ECD70E52AB047B5003F939F /* RegistrationViewModel.swift in Sources */ = {isa = PBXBuildFile; fileRef = 1ECD70E42AB047B5003F939F /* RegistrationViewModel.swift */; };
		1EDA966F2AA6F8C60073C4C0 /* FeedView.swift in Sources */ = {isa = PBXBuildFile; fileRef = 1EDA966E2AA6F8C60073C4C0 /* FeedView.swift */; };
		1EDA96712AA6F8CD0073C4C0 /* FeedCell.swift in Sources */ = {isa = PBXBuildFile; fileRef = 1EDA96702AA6F8CD0073C4C0 /* FeedCell.swift */; };
		1EF037CA2AA5FBE300032D43 /* HeaderTabBar.swift in Sources */ = {isa = PBXBuildFile; fileRef = 1EF037C92AA5FBE300032D43 /* HeaderTabBar.swift */; };
		1EF511722AB372B5000E0158 /* SettingSheets.swift in Sources */ = {isa = PBXBuildFile; fileRef = 1EF511712AB372B5000E0158 /* SettingSheets.swift */; };
		1EF511742AB37367000E0158 /* SheetItem.swift in Sources */ = {isa = PBXBuildFile; fileRef = 1EF511732AB37367000E0158 /* SheetItem.swift */; };
/* End PBXBuildFile section */

/* Begin PBXFileReference section */
		1E0532522AA4CE06005409BA /* Shunkan.app */ = {isa = PBXFileReference; explicitFileType = wrapper.application; includeInIndex = 0; path = Shunkan.app; sourceTree = BUILT_PRODUCTS_DIR; };
		1E0532552AA4CE06005409BA /* ShunkanApp.swift */ = {isa = PBXFileReference; lastKnownFileType = sourcecode.swift; path = ShunkanApp.swift; sourceTree = "<group>"; };
		1E0532572AA4CE06005409BA /* ContentView.swift */ = {isa = PBXFileReference; lastKnownFileType = sourcecode.swift; path = ContentView.swift; sourceTree = "<group>"; };
		1E0532592AA4CE08005409BA /* Assets.xcassets */ = {isa = PBXFileReference; lastKnownFileType = folder.assetcatalog; path = Assets.xcassets; sourceTree = "<group>"; };
		1E05325C2AA4CE08005409BA /* Preview Assets.xcassets */ = {isa = PBXFileReference; lastKnownFileType = folder.assetcatalog; path = "Preview Assets.xcassets"; sourceTree = "<group>"; };
		1E0532702AA4CF2C005409BA /* MainTabView.swift */ = {isa = PBXFileReference; lastKnownFileType = sourcecode.swift; path = MainTabView.swift; sourceTree = "<group>"; };
		1E0532722AA4E132005409BA /* ProfileView.swift */ = {isa = PBXFileReference; lastKnownFileType = sourcecode.swift; path = ProfileView.swift; sourceTree = "<group>"; };
		1E0532752AA51895005409BA /* UserStackView.swift */ = {isa = PBXFileReference; lastKnownFileType = sourcecode.swift; path = UserStackView.swift; sourceTree = "<group>"; };
		1E0791032AA7646800F7A79C /* SearchView.swift */ = {isa = PBXFileReference; lastKnownFileType = sourcecode.swift; path = SearchView.swift; sourceTree = "<group>"; };
		1E0791062AA764C600F7A79C /* Layout1.swift */ = {isa = PBXFileReference; lastKnownFileType = sourcecode.swift; path = Layout1.swift; sourceTree = "<group>"; };
		1E07910B2AA768ED00F7A79C /* Layout2.swift */ = {isa = PBXFileReference; lastKnownFileType = sourcecode.swift; path = Layout2.swift; sourceTree = "<group>"; };
		1E07910D2AA7693A00F7A79C /* Layout3.swift */ = {isa = PBXFileReference; lastKnownFileType = sourcecode.swift; path = Layout3.swift; sourceTree = "<group>"; };
		1E07910F2AA76E7E00F7A79C /* SearchBar.swift */ = {isa = PBXFileReference; lastKnownFileType = sourcecode.swift; path = SearchBar.swift; sourceTree = "<group>"; };
		1E0AB7242AB4203D004D825B /* Constants.swift */ = {isa = PBXFileReference; lastKnownFileType = sourcecode.swift; path = Constants.swift; sourceTree = "<group>"; };
		1E0AB7262AB420D6004D825B /* Sheet.swift */ = {isa = PBXFileReference; lastKnownFileType = sourcecode.swift; path = Sheet.swift; sourceTree = "<group>"; };
		1E0AB72A2AB433B2004D825B /* SettingsView.swift */ = {isa = PBXFileReference; lastKnownFileType = sourcecode.swift; path = SettingsView.swift; sourceTree = "<group>"; };
		1E0AB72C2AB434B9004D825B /* SettingViewItem.swift */ = {isa = PBXFileReference; lastKnownFileType = sourcecode.swift; path = SettingViewItem.swift; sourceTree = "<group>"; };
		1E3815CF2AA84CFF00B5AFA3 /* SearchList.swift */ = {isa = PBXFileReference; lastKnownFileType = sourcecode.swift; path = SearchList.swift; sourceTree = "<group>"; };
		1E3815D12AA84F4C00B5AFA3 /* LoginView.swift */ = {isa = PBXFileReference; lastKnownFileType = sourcecode.swift; path = LoginView.swift; sourceTree = "<group>"; };
		1E3815D32AA87F6E00B5AFA3 /* SignInView.swift */ = {isa = PBXFileReference; lastKnownFileType = sourcecode.swift; path = SignInView.swift; sourceTree = "<group>"; };
		1E3CE1FC2AAB727E00BCC3F8 /* User.swift */ = {isa = PBXFileReference; lastKnownFileType = sourcecode.swift; path = User.swift; sourceTree = "<group>"; };
		1E3CE1FE2AAB8DC500BCC3F8 /* Comment.swift */ = {isa = PBXFileReference; lastKnownFileType = sourcecode.swift; path = Comment.swift; sourceTree = "<group>"; };
		1E3CE2002AAB8FCA00BCC3F8 /* Likable.swift */ = {isa = PBXFileReference; lastKnownFileType = sourcecode.swift; path = Likable.swift; sourceTree = "<group>"; };
		1E3CE2022AAB8FDF00BCC3F8 /* Post.swift */ = {isa = PBXFileReference; lastKnownFileType = sourcecode.swift; path = Post.swift; sourceTree = "<group>"; };
		1E3CE2042AAB908200BCC3F8 /* Notification.swift */ = {isa = PBXFileReference; lastKnownFileType = sourcecode.swift; path = Notification.swift; sourceTree = "<group>"; };
		1E3CE2062AABA4AB00BCC3F8 /* Message.swift */ = {isa = PBXFileReference; lastKnownFileType = sourcecode.swift; path = Message.swift; sourceTree = "<group>"; };
		1E3CE2082AABA4EE00BCC3F8 /* Settings.swift */ = {isa = PBXFileReference; lastKnownFileType = sourcecode.swift; path = Settings.swift; sourceTree = "<group>"; };
		1E3CE20A2AABA4FC00BCC3F8 /* Analytics.swift */ = {isa = PBXFileReference; lastKnownFileType = sourcecode.swift; path = Analytics.swift; sourceTree = "<group>"; };
		1E3CE20C2AABA7A800BCC3F8 /* Story.swift */ = {isa = PBXFileReference; lastKnownFileType = sourcecode.swift; path = Story.swift; sourceTree = "<group>"; };
		1E3CE20E2AABA7C300BCC3F8 /* Highlight.swift */ = {isa = PBXFileReference; lastKnownFileType = sourcecode.swift; path = Highlight.swift; sourceTree = "<group>"; };
		1E4CD6522AAE0C5900404307 /* UploadPostView.swift */ = {isa = PBXFileReference; lastKnownFileType = sourcecode.swift; path = UploadPostView.swift; sourceTree = "<group>"; };
		1E4CD6572AAE121300404307 /* PhotoPicker.swift */ = {isa = PBXFileReference; lastKnownFileType = sourcecode.swift; path = PhotoPicker.swift; sourceTree = "<group>"; };
		1E4CD6592AAE185E00404307 /* NewPostView.swift */ = {isa = PBXFileReference; lastKnownFileType = sourcecode.swift; path = NewPostView.swift; sourceTree = "<group>"; };
		1E4CD65D2AAE318A00404307 /* UploadPostViewModel.swift */ = {isa = PBXFileReference; lastKnownFileType = sourcecode.swift; path = UploadPostViewModel.swift; sourceTree = "<group>"; };
		1E5942DD2AA89F9600BCE06E /* AddEmailView.swift */ = {isa = PBXFileReference; lastKnownFileType = sourcecode.swift; path = AddEmailView.swift; sourceTree = "<group>"; };
		1E5942DF2AA8BE8900BCE06E /* TextFieldModifier.swift */ = {isa = PBXFileReference; lastKnownFileType = sourcecode.swift; path = TextFieldModifier.swift; sourceTree = "<group>"; };
		1E5942E12AA8BF9500BCE06E /* CreateUsernameView.swift */ = {isa = PBXFileReference; lastKnownFileType = sourcecode.swift; path = CreateUsernameView.swift; sourceTree = "<group>"; };
		1E5942E32AA8C25500BCE06E /* CreatePasswordView.swift */ = {isa = PBXFileReference; lastKnownFileType = sourcecode.swift; path = CreatePasswordView.swift; sourceTree = "<group>"; };
		1E7A87F62AA5AC8C00F595E7 /* Highlights.swift */ = {isa = PBXFileReference; lastKnownFileType = sourcecode.swift; path = Highlights.swift; sourceTree = "<group>"; };
		1E7A87F82AA5AD0F00F595E7 /* HighlightStory.swift */ = {isa = PBXFileReference; lastKnownFileType = sourcecode.swift; path = HighlightStory.swift; sourceTree = "<group>"; };
		1E7A87FB2AA5C89300F595E7 /* Grids.swift */ = {isa = PBXFileReference; lastKnownFileType = sourcecode.swift; path = Grids.swift; sourceTree = "<group>"; };
		1E7A87FD2AA5C91500F595E7 /* LazyGrid.swift */ = {isa = PBXFileReference; lastKnownFileType = sourcecode.swift; path = LazyGrid.swift; sourceTree = "<group>"; };
		1E89961B2AAF51FE00907224 /* SearchFeed.swift */ = {isa = PBXFileReference; lastKnownFileType = sourcecode.swift; path = SearchFeed.swift; sourceTree = "<group>"; };
		1E8996202AAF9AFD00907224 /* GoogleService-Info.plist */ = {isa = PBXFileReference; fileEncoding = 4; lastKnownFileType = text.plist.xml; path = "GoogleService-Info.plist"; sourceTree = "<group>"; };
		1E994CC32AACA4D40063DA4A /* CurrentUserProfileView.swift */ = {isa = PBXFileReference; lastKnownFileType = sourcecode.swift; path = CurrentUserProfileView.swift; sourceTree = "<group>"; };
		1E994CC62AACFD890063DA4A /* Date.swift */ = {isa = PBXFileReference; lastKnownFileType = sourcecode.swift; path = Date.swift; sourceTree = "<group>"; };
		1EA5E6992AAA25CA009F248B /* CompleteSignUp.swift */ = {isa = PBXFileReference; lastKnownFileType = sourcecode.swift; path = CompleteSignUp.swift; sourceTree = "<group>"; };
		1ECD70D42AB04414003F939F /* AuthService.swift */ = {isa = PBXFileReference; lastKnownFileType = sourcecode.swift; path = AuthService.swift; sourceTree = "<group>"; };
		1ECD70E12AB0460D003F939F /* ContentViewModel.swift */ = {isa = PBXFileReference; lastKnownFileType = sourcecode.swift; path = ContentViewModel.swift; sourceTree = "<group>"; };
		1ECD70E42AB047B5003F939F /* RegistrationViewModel.swift */ = {isa = PBXFileReference; lastKnownFileType = sourcecode.swift; path = RegistrationViewModel.swift; sourceTree = "<group>"; };
		1EDA966E2AA6F8C60073C4C0 /* FeedView.swift */ = {isa = PBXFileReference; lastKnownFileType = sourcecode.swift; path = FeedView.swift; sourceTree = "<group>"; };
		1EDA96702AA6F8CD0073C4C0 /* FeedCell.swift */ = {isa = PBXFileReference; lastKnownFileType = sourcecode.swift; path = FeedCell.swift; sourceTree = "<group>"; };
		1EF037C92AA5FBE300032D43 /* HeaderTabBar.swift */ = {isa = PBXFileReference; lastKnownFileType = sourcecode.swift; path = HeaderTabBar.swift; sourceTree = "<group>"; };
		1EF511712AB372B5000E0158 /* SettingSheets.swift */ = {isa = PBXFileReference; lastKnownFileType = sourcecode.swift; path = SettingSheets.swift; sourceTree = "<group>"; };
		1EF511732AB37367000E0158 /* SheetItem.swift */ = {isa = PBXFileReference; lastKnownFileType = sourcecode.swift; path = SheetItem.swift; sourceTree = "<group>"; };
/* End PBXFileReference section */

/* Begin PBXFrameworksBuildPhase section */
		1E05324F2AA4CE06005409BA /* Frameworks */ = {
			isa = PBXFrameworksBuildPhase;
			buildActionMask = 2147483647;
			files = (
				1ECD70DE2AB04544003F939F /* FirebaseAnalyticsSwift in Frameworks */,
				1E07910A2AA7684100F7A79C /* SDWebImageSwiftUI in Frameworks */,
				1ECD70DA2AB0452A003F939F /* FirebaseFirestore in Frameworks */,
				1ECD70D82AB04522003F939F /* FirebaseAuth in Frameworks */,
				1ECD70DC2AB04537003F939F /* FirebaseStorage in Frameworks */,
				1E4CD6562AAE112700404307 /* YPImagePicker in Frameworks */,
			);
			runOnlyForDeploymentPostprocessing = 0;
		};
/* End PBXFrameworksBuildPhase section */

/* Begin PBXGroup section */
		1E0532492AA4CE06005409BA = {
			isa = PBXGroup;
			children = (
				1E0532542AA4CE06005409BA /* Shunkan */,
				1E0532532AA4CE06005409BA /* Products */,
				1ECD70D62AB04522003F939F /* Frameworks */,
			);
			sourceTree = "<group>";
		};
		1E0532532AA4CE06005409BA /* Products */ = {
			isa = PBXGroup;
			children = (
				1E0532522AA4CE06005409BA /* Shunkan.app */,
			);
			name = Products;
			sourceTree = "<group>";
		};
		1E0532542AA4CE06005409BA /* Shunkan */ = {
			isa = PBXGroup;
			children = (
				1E0AB7232AB42034004D825B /* utils */,
				1E89961A2AAF51EC00907224 /* ViewModel */,
				1E0532682AA4CE6F005409BA /* Services */,
				1E0532672AA4CE67005409BA /* Model */,
				1E0532662AA4CE60005409BA /* Extensions */,
				1E0532642AA4CE55005409BA /* Core */,
				1E0532632AA4CE41005409BA /* App */,
				1E0532592AA4CE08005409BA /* Assets.xcassets */,
				1E8996202AAF9AFD00907224 /* GoogleService-Info.plist */,
				1E05325B2AA4CE08005409BA /* Preview Content */,
			);
			path = Shunkan;
			sourceTree = "<group>";
		};
		1E05325B2AA4CE08005409BA /* Preview Content */ = {
			isa = PBXGroup;
			children = (
				1E05325C2AA4CE08005409BA /* Preview Assets.xcassets */,
			);
			path = "Preview Content";
			sourceTree = "<group>";
		};
		1E0532632AA4CE41005409BA /* App */ = {
			isa = PBXGroup;
			children = (
				1E0532552AA4CE06005409BA /* ShunkanApp.swift */,
			);
			path = App;
			sourceTree = "<group>";
		};
		1E0532642AA4CE55005409BA /* Core */ = {
			isa = PBXGroup;
			children = (
				1E0AB7292AB433A7004D825B /* Settings */,
				1E0532742AA5187B005409BA /* Components */,
				1E0532692AA4CE84005409BA /* Authentication */,
				1E05326A2AA4CE8F005409BA /* Feed */,
				1E05326B2AA4CE95005409BA /* Profile */,
				1E05326C2AA4CE9A005409BA /* Root */,
				1E05326D2AA4CE9E005409BA /* Search */,
				1E05326E2AA4CEE4005409BA /* TabBar */,
				1E05326F2AA4CEEB005409BA /* UploadPost */,
			);
			path = Core;
			sourceTree = "<group>";
		};
		1E0532662AA4CE60005409BA /* Extensions */ = {
			isa = PBXGroup;
			children = (
				1E994CC62AACFD890063DA4A /* Date.swift */,
			);
			path = Extensions;
			sourceTree = "<group>";
		};
		1E0532672AA4CE67005409BA /* Model */ = {
			isa = PBXGroup;
			children = (
				1E3CE1FC2AAB727E00BCC3F8 /* User.swift */,
				1E3CE1FE2AAB8DC500BCC3F8 /* Comment.swift */,
				1E3CE2002AAB8FCA00BCC3F8 /* Likable.swift */,
				1E3CE2022AAB8FDF00BCC3F8 /* Post.swift */,
				1E3CE2042AAB908200BCC3F8 /* Notification.swift */,
				1E3CE2062AABA4AB00BCC3F8 /* Message.swift */,
				1E3CE2082AABA4EE00BCC3F8 /* Settings.swift */,
				1E3CE20A2AABA4FC00BCC3F8 /* Analytics.swift */,
				1E3CE20C2AABA7A800BCC3F8 /* Story.swift */,
				1E3CE20E2AABA7C300BCC3F8 /* Highlight.swift */,
				1E0AB7262AB420D6004D825B /* Sheet.swift */,
			);
			path = Model;
			sourceTree = "<group>";
		};
		1E0532682AA4CE6F005409BA /* Services */ = {
			isa = PBXGroup;
			children = (
			);
			path = Services;
			sourceTree = "<group>";
		};
		1E0532692AA4CE84005409BA /* Authentication */ = {
			isa = PBXGroup;
			children = (
				1ECD70E32AB047A7003F939F /* ViewModel */,
				1ECD70D32AB04403003F939F /* Service */,
				1ECD70D22AB043EC003F939F /* View */,
			);
			path = Authentication;
			sourceTree = "<group>";
		};
		1E05326A2AA4CE8F005409BA /* Feed */ = {
			isa = PBXGroup;
			children = (
				1EDA966E2AA6F8C60073C4C0 /* FeedView.swift */,
				1EDA96702AA6F8CD0073C4C0 /* FeedCell.swift */,
			);
			path = Feed;
			sourceTree = "<group>";
		};
		1E05326B2AA4CE95005409BA /* Profile */ = {
			isa = PBXGroup;
			children = (
				1EF511702AB36C37000E0158 /* sheets */,
				1E7A87FA2AA5C88C00F595E7 /* Grids */,
				1E0532722AA4E132005409BA /* ProfileView.swift */,
				1E994CC32AACA4D40063DA4A /* CurrentUserProfileView.swift */,
			);
			path = Profile;
			sourceTree = "<group>";
		};
		1E05326C2AA4CE9A005409BA /* Root */ = {
			isa = PBXGroup;
			children = (
				1ECD70E02AB04602003F939F /* ViewModel */,
				1ECD70DF2AB045FA003F939F /* View */,
			);
			path = Root;
			sourceTree = "<group>";
		};
		1E05326D2AA4CE9E005409BA /* Search */ = {
			isa = PBXGroup;
			children = (
				1E0791052AA764BA00F7A79C /* CompositionalLayout */,
				1E0791032AA7646800F7A79C /* SearchView.swift */,
				1E07910F2AA76E7E00F7A79C /* SearchBar.swift */,
				1E3815CF2AA84CFF00B5AFA3 /* SearchList.swift */,
			);
			path = Search;
			sourceTree = "<group>";
		};
		1E05326E2AA4CEE4005409BA /* TabBar */ = {
			isa = PBXGroup;
			children = (
				1E0532702AA4CF2C005409BA /* MainTabView.swift */,
			);
			path = TabBar;
			sourceTree = "<group>";
		};
		1E05326F2AA4CEEB005409BA /* UploadPost */ = {
			isa = PBXGroup;
			children = (
				1E4CD6522AAE0C5900404307 /* UploadPostView.swift */,
				1E4CD6572AAE121300404307 /* PhotoPicker.swift */,
				1E4CD6592AAE185E00404307 /* NewPostView.swift */,
				1E4CD65D2AAE318A00404307 /* UploadPostViewModel.swift */,
			);
			path = UploadPost;
			sourceTree = "<group>";
		};
		1E0532742AA5187B005409BA /* Components */ = {
			isa = PBXGroup;
			children = (
				1E7A87F52AA5AC7E00F595E7 /* highlights */,
				1E0532752AA51895005409BA /* UserStackView.swift */,
				1E5942DF2AA8BE8900BCE06E /* TextFieldModifier.swift */,
			);
			path = Components;
			sourceTree = "<group>";
		};
		1E0791052AA764BA00F7A79C /* CompositionalLayout */ = {
			isa = PBXGroup;
			children = (
				1E0791062AA764C600F7A79C /* Layout1.swift */,
				1E07910B2AA768ED00F7A79C /* Layout2.swift */,
				1E07910D2AA7693A00F7A79C /* Layout3.swift */,
			);
			path = CompositionalLayout;
			sourceTree = "<group>";
		};
		1E0AB7232AB42034004D825B /* utils */ = {
			isa = PBXGroup;
			children = (
				1E0AB7242AB4203D004D825B /* Constants.swift */,
			);
			path = utils;
			sourceTree = "<group>";
		};
		1E0AB7292AB433A7004D825B /* Settings */ = {
			isa = PBXGroup;
			children = (
				1E0AB72A2AB433B2004D825B /* SettingsView.swift */,
				1E0AB72C2AB434B9004D825B /* SettingViewItem.swift */,
			);
			path = Settings;
			sourceTree = "<group>";
		};
		1E7A87F52AA5AC7E00F595E7 /* highlights */ = {
			isa = PBXGroup;
			children = (
				1E7A87F62AA5AC8C00F595E7 /* Highlights.swift */,
				1E7A87F82AA5AD0F00F595E7 /* HighlightStory.swift */,
			);
			path = highlights;
			sourceTree = "<group>";
		};
		1E7A87FA2AA5C88C00F595E7 /* Grids */ = {
			isa = PBXGroup;
			children = (
				1E7A87FB2AA5C89300F595E7 /* Grids.swift */,
				1E7A87FD2AA5C91500F595E7 /* LazyGrid.swift */,
				1EF037C92AA5FBE300032D43 /* HeaderTabBar.swift */,
			);
			path = Grids;
			sourceTree = "<group>";
		};
		1E89961A2AAF51EC00907224 /* ViewModel */ = {
			isa = PBXGroup;
			children = (
				1E89961B2AAF51FE00907224 /* SearchFeed.swift */,
			);
			path = ViewModel;
			sourceTree = "<group>";
		};
		1ECD70D22AB043EC003F939F /* View */ = {
			isa = PBXGroup;
			children = (
				1E3815D12AA84F4C00B5AFA3 /* LoginView.swift */,
				1E3815D32AA87F6E00B5AFA3 /* SignInView.swift */,
				1E5942DD2AA89F9600BCE06E /* AddEmailView.swift */,
				1E5942E12AA8BF9500BCE06E /* CreateUsernameView.swift */,
				1E5942E32AA8C25500BCE06E /* CreatePasswordView.swift */,
				1EA5E6992AAA25CA009F248B /* CompleteSignUp.swift */,
			);
			path = View;
			sourceTree = "<group>";
		};
		1ECD70D32AB04403003F939F /* Service */ = {
			isa = PBXGroup;
			children = (
				1ECD70D42AB04414003F939F /* AuthService.swift */,
			);
			path = Service;
			sourceTree = "<group>";
		};
		1ECD70D62AB04522003F939F /* Frameworks */ = {
			isa = PBXGroup;
			children = (
			);
			name = Frameworks;
			sourceTree = "<group>";
		};
		1ECD70DF2AB045FA003F939F /* View */ = {
			isa = PBXGroup;
			children = (
				1E0532572AA4CE06005409BA /* ContentView.swift */,
			);
			path = View;
			sourceTree = "<group>";
		};
		1ECD70E02AB04602003F939F /* ViewModel */ = {
			isa = PBXGroup;
			children = (
				1ECD70E12AB0460D003F939F /* ContentViewModel.swift */,
			);
			path = ViewModel;
			sourceTree = "<group>";
		};
		1ECD70E32AB047A7003F939F /* ViewModel */ = {
			isa = PBXGroup;
			children = (
				1ECD70E42AB047B5003F939F /* RegistrationViewModel.swift */,
			);
			path = ViewModel;
			sourceTree = "<group>";
		};
		1EF511702AB36C37000E0158 /* sheets */ = {
			isa = PBXGroup;
			children = (
				1EF511712AB372B5000E0158 /* SettingSheets.swift */,
				1EF511732AB37367000E0158 /* SheetItem.swift */,
			);
			path = sheets;
			sourceTree = "<group>";
		};
/* End PBXGroup section */

/* Begin PBXNativeTarget section */
		1E0532512AA4CE06005409BA /* Shunkan */ = {
			isa = PBXNativeTarget;
			buildConfigurationList = 1E0532602AA4CE08005409BA /* Build configuration list for PBXNativeTarget "Shunkan" */;
			buildPhases = (
				1E05324E2AA4CE06005409BA /* Sources */,
				1E05324F2AA4CE06005409BA /* Frameworks */,
				1E0532502AA4CE06005409BA /* Resources */,
			);
			buildRules = (
			);
			dependencies = (
			);
			name = Shunkan;
			packageProductDependencies = (
				1E0791092AA7684100F7A79C /* SDWebImageSwiftUI */,
				1E4CD6552AAE112700404307 /* YPImagePicker */,
				1ECD70D72AB04522003F939F /* FirebaseAuth */,
				1ECD70D92AB0452A003F939F /* FirebaseFirestore */,
				1ECD70DB2AB04537003F939F /* FirebaseStorage */,
				1ECD70DD2AB04544003F939F /* FirebaseAnalyticsSwift */,
			);
			productName = Shunkan;
			productReference = 1E0532522AA4CE06005409BA /* Shunkan.app */;
			productType = "com.apple.product-type.application";
		};
/* End PBXNativeTarget section */

/* Begin PBXProject section */
		1E05324A2AA4CE06005409BA /* Project object */ = {
			isa = PBXProject;
			attributes = {
				BuildIndependentTargetsInParallel = 1;
				LastSwiftUpdateCheck = 1430;
				LastUpgradeCheck = 1430;
				TargetAttributes = {
					1E0532512AA4CE06005409BA = {
						CreatedOnToolsVersion = 14.3.1;
					};
				};
			};
			buildConfigurationList = 1E05324D2AA4CE06005409BA /* Build configuration list for PBXProject "Shunkan" */;
			compatibilityVersion = "Xcode 14.0";
			developmentRegion = en;
			hasScannedForEncodings = 0;
			knownRegions = (
				en,
				Base,
			);
			mainGroup = 1E0532492AA4CE06005409BA;
			packageReferences = (
				1E0791082AA7684100F7A79C /* XCRemoteSwiftPackageReference "SDWebImageSwiftUI" */,
				1E4CD6542AAE112700404307 /* XCRemoteSwiftPackageReference "YPImagePicker" */,
				1E8996222AAF9C1500907224 /* XCRemoteSwiftPackageReference "firebase-ios-sdk" */,
			);
			productRefGroup = 1E0532532AA4CE06005409BA /* Products */;
			projectDirPath = "";
			projectRoot = "";
			targets = (
				1E0532512AA4CE06005409BA /* Shunkan */,
			);
		};
/* End PBXProject section */

/* Begin PBXResourcesBuildPhase section */
		1E0532502AA4CE06005409BA /* Resources */ = {
			isa = PBXResourcesBuildPhase;
			buildActionMask = 2147483647;
			files = (
				1E05325D2AA4CE08005409BA /* Preview Assets.xcassets in Resources */,
				1E05325A2AA4CE08005409BA /* Assets.xcassets in Resources */,
				1E8996212AAF9AFD00907224 /* GoogleService-Info.plist in Resources */,
			);
			runOnlyForDeploymentPostprocessing = 0;
		};
/* End PBXResourcesBuildPhase section */

/* Begin PBXSourcesBuildPhase section */
		1E05324E2AA4CE06005409BA /* Sources */ = {
			isa = PBXSourcesBuildPhase;
			buildActionMask = 2147483647;
			files = (
				1E3CE1FD2AAB727E00BCC3F8 /* User.swift in Sources */,
				1E0532732AA4E132005409BA /* ProfileView.swift in Sources */,
				1E7A87FE2AA5C91500F595E7 /* LazyGrid.swift in Sources */,
				1E3CE20D2AABA7A800BCC3F8 /* Story.swift in Sources */,
				1E0532582AA4CE06005409BA /* ContentView.swift in Sources */,
				1E5942DE2AA89F9600BCE06E /* AddEmailView.swift in Sources */,
				1E0791072AA764C600F7A79C /* Layout1.swift in Sources */,
				1E7A87F72AA5AC8C00F595E7 /* Highlights.swift in Sources */,
				1EF037CA2AA5FBE300032D43 /* HeaderTabBar.swift in Sources */,
				1E4CD6532AAE0C5900404307 /* UploadPostView.swift in Sources */,
				1ECD70E52AB047B5003F939F /* RegistrationViewModel.swift in Sources */,
				1ECD70D52AB04414003F939F /* AuthService.swift in Sources */,
				1E3CE20F2AABA7C300BCC3F8 /* Highlight.swift in Sources */,
				1EDA96712AA6F8CD0073C4C0 /* FeedCell.swift in Sources */,
				1E0532562AA4CE06005409BA /* ShunkanApp.swift in Sources */,
				1EDA966F2AA6F8C60073C4C0 /* FeedView.swift in Sources */,
				1E4CD65E2AAE318A00404307 /* UploadPostViewModel.swift in Sources */,
				1E07910E2AA7693A00F7A79C /* Layout3.swift in Sources */,
				1E0791042AA7646800F7A79C /* SearchView.swift in Sources */,
				1E5942E22AA8BF9500BCE06E /* CreateUsernameView.swift in Sources */,
				1E3815D02AA84CFF00B5AFA3 /* SearchList.swift in Sources */,
				1E994CC42AACA4D40063DA4A /* CurrentUserProfileView.swift in Sources */,
				1E0532712AA4CF2C005409BA /* MainTabView.swift in Sources */,
				1E0AB7252AB4203D004D825B /* Constants.swift in Sources */,
				1E0532762AA51895005409BA /* UserStackView.swift in Sources */,
				1EA5E69A2AAA25CA009F248B /* CompleteSignUp.swift in Sources */,
				1E3815D42AA87F6E00B5AFA3 /* SignInView.swift in Sources */,
				1E4CD6582AAE121300404307 /* PhotoPicker.swift in Sources */,
				1E89961C2AAF51FE00907224 /* SearchFeed.swift in Sources */,
				1E07910C2AA768ED00F7A79C /* Layout2.swift in Sources */,
				1E3CE2072AABA4AB00BCC3F8 /* Message.swift in Sources */,
				1E7A87F92AA5AD0F00F595E7 /* HighlightStory.swift in Sources */,
				1E3815D22AA84F4C00B5AFA3 /* LoginView.swift in Sources */,
				1E3CE2032AAB8FDF00BCC3F8 /* Post.swift in Sources */,
				1E0AB72B2AB433B2004D825B /* SettingsView.swift in Sources */,
				1E0AB72D2AB434B9004D825B /* SettingViewItem.swift in Sources */,
				1E0791102AA76E7E00F7A79C /* SearchBar.swift in Sources */,
				1EF511742AB37367000E0158 /* SheetItem.swift in Sources */,
				1E5942E42AA8C25500BCE06E /* CreatePasswordView.swift in Sources */,
				1E3CE20B2AABA4FC00BCC3F8 /* Analytics.swift in Sources */,
				1E3CE2092AABA4EE00BCC3F8 /* Settings.swift in Sources */,
				1E994CC72AACFD890063DA4A /* Date.swift in Sources */,
				1E3CE2012AAB8FCA00BCC3F8 /* Likable.swift in Sources */,
				1E0AB7272AB420D6004D825B /* Sheet.swift in Sources */,
				1E3CE2052AAB908200BCC3F8 /* Notification.swift in Sources */,
				1E5942E02AA8BE8900BCE06E /* TextFieldModifier.swift in Sources */,
				1ECD70E22AB0460D003F939F /* ContentViewModel.swift in Sources */,
				1E3CE1FF2AAB8DC500BCC3F8 /* Comment.swift in Sources */,
				1E7A87FC2AA5C89300F595E7 /* Grids.swift in Sources */,
				1EF511722AB372B5000E0158 /* SettingSheets.swift in Sources */,
				1E4CD65A2AAE185E00404307 /* NewPostView.swift in Sources */,
			);
			runOnlyForDeploymentPostprocessing = 0;
		};
/* End PBXSourcesBuildPhase section */

/* Begin XCBuildConfiguration section */
		1E05325E2AA4CE08005409BA /* Debug */ = {
			isa = XCBuildConfiguration;
			buildSettings = {
				ALWAYS_SEARCH_USER_PATHS = NO;
				CLANG_ANALYZER_NONNULL = YES;
				CLANG_ANALYZER_NUMBER_OBJECT_CONVERSION = YES_AGGRESSIVE;
				CLANG_CXX_LANGUAGE_STANDARD = "gnu++20";
				CLANG_ENABLE_MODULES = YES;
				CLANG_ENABLE_OBJC_ARC = YES;
				CLANG_ENABLE_OBJC_WEAK = YES;
				CLANG_WARN_BLOCK_CAPTURE_AUTORELEASING = YES;
				CLANG_WARN_BOOL_CONVERSION = YES;
				CLANG_WARN_COMMA = YES;
				CLANG_WARN_CONSTANT_CONVERSION = YES;
				CLANG_WARN_DEPRECATED_OBJC_IMPLEMENTATIONS = YES;
				CLANG_WARN_DIRECT_OBJC_ISA_USAGE = YES_ERROR;
				CLANG_WARN_DOCUMENTATION_COMMENTS = YES;
				CLANG_WARN_EMPTY_BODY = YES;
				CLANG_WARN_ENUM_CONVERSION = YES;
				CLANG_WARN_INFINITE_RECURSION = YES;
				CLANG_WARN_INT_CONVERSION = YES;
				CLANG_WARN_NON_LITERAL_NULL_CONVERSION = YES;
				CLANG_WARN_OBJC_IMPLICIT_RETAIN_SELF = YES;
				CLANG_WARN_OBJC_LITERAL_CONVERSION = YES;
				CLANG_WARN_OBJC_ROOT_CLASS = YES_ERROR;
				CLANG_WARN_QUOTED_INCLUDE_IN_FRAMEWORK_HEADER = YES;
				CLANG_WARN_RANGE_LOOP_ANALYSIS = YES;
				CLANG_WARN_STRICT_PROTOTYPES = YES;
				CLANG_WARN_SUSPICIOUS_MOVE = YES;
				CLANG_WARN_UNGUARDED_AVAILABILITY = YES_AGGRESSIVE;
				CLANG_WARN_UNREACHABLE_CODE = YES;
				CLANG_WARN__DUPLICATE_METHOD_MATCH = YES;
				COPY_PHASE_STRIP = NO;
				DEBUG_INFORMATION_FORMAT = dwarf;
				ENABLE_STRICT_OBJC_MSGSEND = YES;
				ENABLE_TESTABILITY = YES;
				GCC_C_LANGUAGE_STANDARD = gnu11;
				GCC_DYNAMIC_NO_PIC = NO;
				GCC_NO_COMMON_BLOCKS = YES;
				GCC_OPTIMIZATION_LEVEL = 0;
				GCC_PREPROCESSOR_DEFINITIONS = (
					"DEBUG=1",
					"$(inherited)",
				);
				GCC_WARN_64_TO_32_BIT_CONVERSION = YES;
				GCC_WARN_ABOUT_RETURN_TYPE = YES_ERROR;
				GCC_WARN_UNDECLARED_SELECTOR = YES;
				GCC_WARN_UNINITIALIZED_AUTOS = YES_AGGRESSIVE;
				GCC_WARN_UNUSED_FUNCTION = YES;
				GCC_WARN_UNUSED_VARIABLE = YES;
				INFOPLIST_KEY_NSCameraUsageDescription = Yes;
				INFOPLIST_KEY_NSPhotoLibraryUsageDescription = Yes;
				IPHONEOS_DEPLOYMENT_TARGET = 16.4;
				MTL_ENABLE_DEBUG_INFO = INCLUDE_SOURCE;
				MTL_FAST_MATH = YES;
				ONLY_ACTIVE_ARCH = YES;
				SDKROOT = iphoneos;
				SWIFT_ACTIVE_COMPILATION_CONDITIONS = DEBUG;
				SWIFT_OPTIMIZATION_LEVEL = "-Onone";
			};
			name = Debug;
		};
		1E05325F2AA4CE08005409BA /* Release */ = {
			isa = XCBuildConfiguration;
			buildSettings = {
				ALWAYS_SEARCH_USER_PATHS = NO;
				CLANG_ANALYZER_NONNULL = YES;
				CLANG_ANALYZER_NUMBER_OBJECT_CONVERSION = YES_AGGRESSIVE;
				CLANG_CXX_LANGUAGE_STANDARD = "gnu++20";
				CLANG_ENABLE_MODULES = YES;
				CLANG_ENABLE_OBJC_ARC = YES;
				CLANG_ENABLE_OBJC_WEAK = YES;
				CLANG_WARN_BLOCK_CAPTURE_AUTORELEASING = YES;
				CLANG_WARN_BOOL_CONVERSION = YES;
				CLANG_WARN_COMMA = YES;
				CLANG_WARN_CONSTANT_CONVERSION = YES;
				CLANG_WARN_DEPRECATED_OBJC_IMPLEMENTATIONS = YES;
				CLANG_WARN_DIRECT_OBJC_ISA_USAGE = YES_ERROR;
				CLANG_WARN_DOCUMENTATION_COMMENTS = YES;
				CLANG_WARN_EMPTY_BODY = YES;
				CLANG_WARN_ENUM_CONVERSION = YES;
				CLANG_WARN_INFINITE_RECURSION = YES;
				CLANG_WARN_INT_CONVERSION = YES;
				CLANG_WARN_NON_LITERAL_NULL_CONVERSION = YES;
				CLANG_WARN_OBJC_IMPLICIT_RETAIN_SELF = YES;
				CLANG_WARN_OBJC_LITERAL_CONVERSION = YES;
				CLANG_WARN_OBJC_ROOT_CLASS = YES_ERROR;
				CLANG_WARN_QUOTED_INCLUDE_IN_FRAMEWORK_HEADER = YES;
				CLANG_WARN_RANGE_LOOP_ANALYSIS = YES;
				CLANG_WARN_STRICT_PROTOTYPES = YES;
				CLANG_WARN_SUSPICIOUS_MOVE = YES;
				CLANG_WARN_UNGUARDED_AVAILABILITY = YES_AGGRESSIVE;
				CLANG_WARN_UNREACHABLE_CODE = YES;
				CLANG_WARN__DUPLICATE_METHOD_MATCH = YES;
				COPY_PHASE_STRIP = NO;
				DEBUG_INFORMATION_FORMAT = "dwarf-with-dsym";
				ENABLE_NS_ASSERTIONS = NO;
				ENABLE_STRICT_OBJC_MSGSEND = YES;
				GCC_C_LANGUAGE_STANDARD = gnu11;
				GCC_NO_COMMON_BLOCKS = YES;
				GCC_WARN_64_TO_32_BIT_CONVERSION = YES;
				GCC_WARN_ABOUT_RETURN_TYPE = YES_ERROR;
				GCC_WARN_UNDECLARED_SELECTOR = YES;
				GCC_WARN_UNINITIALIZED_AUTOS = YES_AGGRESSIVE;
				GCC_WARN_UNUSED_FUNCTION = YES;
				GCC_WARN_UNUSED_VARIABLE = YES;
				INFOPLIST_KEY_NSCameraUsageDescription = Yes;
				INFOPLIST_KEY_NSPhotoLibraryUsageDescription = Yes;
				IPHONEOS_DEPLOYMENT_TARGET = 16.4;
				MTL_ENABLE_DEBUG_INFO = NO;
				MTL_FAST_MATH = YES;
				SDKROOT = iphoneos;
				SWIFT_COMPILATION_MODE = wholemodule;
				SWIFT_OPTIMIZATION_LEVEL = "-O";
				VALIDATE_PRODUCT = YES;
			};
			name = Release;
		};
		1E0532612AA4CE08005409BA /* Debug */ = {
			isa = XCBuildConfiguration;
			buildSettings = {
				ASSETCATALOG_COMPILER_APPICON_NAME = AppIcon;
				ASSETCATALOG_COMPILER_GLOBAL_ACCENT_COLOR_NAME = AccentColor;
				CODE_SIGN_STYLE = Automatic;
				CURRENT_PROJECT_VERSION = 1;
				DEVELOPMENT_ASSET_PATHS = "\"Shunkan/Preview Content\"";
				DEVELOPMENT_TEAM = RWNWK95DSQ;
				ENABLE_PREVIEWS = YES;
				GENERATE_INFOPLIST_FILE = YES;
				INFOPLIST_KEY_UIApplicationSceneManifest_Generation = YES;
				INFOPLIST_KEY_UIApplicationSupportsIndirectInputEvents = YES;
				INFOPLIST_KEY_UILaunchScreen_Generation = YES;
				INFOPLIST_KEY_UISupportedInterfaceOrientations_iPad = "UIInterfaceOrientationPortrait UIInterfaceOrientationPortraitUpsideDown UIInterfaceOrientationLandscapeLeft UIInterfaceOrientationLandscapeRight";
				INFOPLIST_KEY_UISupportedInterfaceOrientations_iPhone = "UIInterfaceOrientationPortrait UIInterfaceOrientationLandscapeLeft UIInterfaceOrientationLandscapeRight";
				LD_RUNPATH_SEARCH_PATHS = (
					"$(inherited)",
					"@executable_path/Frameworks",
				);
				MARKETING_VERSION = 1.0;
				PRODUCT_BUNDLE_IDENTIFIER = elric.Shunkan;
				PRODUCT_NAME = "$(TARGET_NAME)";
				SWIFT_EMIT_LOC_STRINGS = YES;
				SWIFT_VERSION = 5.0;
				TARGETED_DEVICE_FAMILY = "1,2";
			};
			name = Debug;
		};
		1E0532622AA4CE08005409BA /* Release */ = {
			isa = XCBuildConfiguration;
			buildSettings = {
				ASSETCATALOG_COMPILER_APPICON_NAME = AppIcon;
				ASSETCATALOG_COMPILER_GLOBAL_ACCENT_COLOR_NAME = AccentColor;
				CODE_SIGN_STYLE = Automatic;
				CURRENT_PROJECT_VERSION = 1;
				DEVELOPMENT_ASSET_PATHS = "\"Shunkan/Preview Content\"";
				DEVELOPMENT_TEAM = RWNWK95DSQ;
				ENABLE_PREVIEWS = YES;
				GENERATE_INFOPLIST_FILE = YES;
				INFOPLIST_KEY_UIApplicationSceneManifest_Generation = YES;
				INFOPLIST_KEY_UIApplicationSupportsIndirectInputEvents = YES;
				INFOPLIST_KEY_UILaunchScreen_Generation = YES;
				INFOPLIST_KEY_UISupportedInterfaceOrientations_iPad = "UIInterfaceOrientationPortrait UIInterfaceOrientationPortraitUpsideDown UIInterfaceOrientationLandscapeLeft UIInterfaceOrientationLandscapeRight";
				INFOPLIST_KEY_UISupportedInterfaceOrientations_iPhone = "UIInterfaceOrientationPortrait UIInterfaceOrientationLandscapeLeft UIInterfaceOrientationLandscapeRight";
				LD_RUNPATH_SEARCH_PATHS = (
					"$(inherited)",
					"@executable_path/Frameworks",
				);
				MARKETING_VERSION = 1.0;
				PRODUCT_BUNDLE_IDENTIFIER = elric.Shunkan;
				PRODUCT_NAME = "$(TARGET_NAME)";
				SWIFT_EMIT_LOC_STRINGS = YES;
				SWIFT_VERSION = 5.0;
				TARGETED_DEVICE_FAMILY = "1,2";
			};
			name = Release;
		};
/* End XCBuildConfiguration section */

/* Begin XCConfigurationList section */
		1E05324D2AA4CE06005409BA /* Build configuration list for PBXProject "Shunkan" */ = {
			isa = XCConfigurationList;
			buildConfigurations = (
				1E05325E2AA4CE08005409BA /* Debug */,
				1E05325F2AA4CE08005409BA /* Release */,
			);
			defaultConfigurationIsVisible = 0;
			defaultConfigurationName = Release;
		};
		1E0532602AA4CE08005409BA /* Build configuration list for PBXNativeTarget "Shunkan" */ = {
			isa = XCConfigurationList;
			buildConfigurations = (
				1E0532612AA4CE08005409BA /* Debug */,
				1E0532622AA4CE08005409BA /* Release */,
			);
			defaultConfigurationIsVisible = 0;
			defaultConfigurationName = Release;
		};
/* End XCConfigurationList section */

/* Begin XCRemoteSwiftPackageReference section */
		1E0791082AA7684100F7A79C /* XCRemoteSwiftPackageReference "SDWebImageSwiftUI" */ = {
			isa = XCRemoteSwiftPackageReference;
			repositoryURL = "https://github.com/SDWebImage/SDWebImageSwiftUI.git";
			requirement = {
				kind = upToNextMajorVersion;
				minimumVersion = 2.0.0;
			};
		};
		1E4CD6542AAE112700404307 /* XCRemoteSwiftPackageReference "YPImagePicker" */ = {
			isa = XCRemoteSwiftPackageReference;
			repositoryURL = "https://github.com/Yummypets/YPImagePicker.git";
			requirement = {
				kind = upToNextMajorVersion;
				minimumVersion = 5.0.0;
			};
		};
		1E8996222AAF9C1500907224 /* XCRemoteSwiftPackageReference "firebase-ios-sdk" */ = {
			isa = XCRemoteSwiftPackageReference;
			repositoryURL = "https://github.com/firebase/firebase-ios-sdk";
			requirement = {
				kind = upToNextMajorVersion;
				minimumVersion = 10.0.0;
			};
		};
/* End XCRemoteSwiftPackageReference section */

/* Begin XCSwiftPackageProductDependency section */
		1E0791092AA7684100F7A79C /* SDWebImageSwiftUI */ = {
			isa = XCSwiftPackageProductDependency;
			package = 1E0791082AA7684100F7A79C /* XCRemoteSwiftPackageReference "SDWebImageSwiftUI" */;
			productName = SDWebImageSwiftUI;
		};
		1E4CD6552AAE112700404307 /* YPImagePicker */ = {
			isa = XCSwiftPackageProductDependency;
			package = 1E4CD6542AAE112700404307 /* XCRemoteSwiftPackageReference "YPImagePicker" */;
			productName = YPImagePicker;
		};
		1ECD70D72AB04522003F939F /* FirebaseAuth */ = {
			isa = XCSwiftPackageProductDependency;
			package = 1E8996222AAF9C1500907224 /* XCRemoteSwiftPackageReference "firebase-ios-sdk" */;
			productName = FirebaseAuth;
		};
		1ECD70D92AB0452A003F939F /* FirebaseFirestore */ = {
			isa = XCSwiftPackageProductDependency;
			package = 1E8996222AAF9C1500907224 /* XCRemoteSwiftPackageReference "firebase-ios-sdk" */;
			productName = FirebaseFirestore;
		};
		1ECD70DB2AB04537003F939F /* FirebaseStorage */ = {
			isa = XCSwiftPackageProductDependency;
			package = 1E8996222AAF9C1500907224 /* XCRemoteSwiftPackageReference "firebase-ios-sdk" */;
			productName = FirebaseStorage;
		};
		1ECD70DD2AB04544003F939F /* FirebaseAnalyticsSwift */ = {
			isa = XCSwiftPackageProductDependency;
			package = 1E8996222AAF9C1500907224 /* XCRemoteSwiftPackageReference "firebase-ios-sdk" */;
			productName = FirebaseAnalyticsSwift;
		};
/* End XCSwiftPackageProductDependency section */
	};
	rootObject = 1E05324A2AA4CE06005409BA /* Project object */;
}
