// !$*UTF8*$!
{
	archiveVersion = 1;
	classes = {
	};
	objectVersion = 56;
	objects = {

/* Begin PBXBuildFile section */
		1E0532562AA4CE06005409BA /* ShunkanApp.swift in Sources */ = {isa = PBXBuildFile; fileRef = 1E0532552AA4CE06005409BA /* ShunkanApp.swift */; };
		1E0532582AA4CE06005409BA /* ContentView.swift in Sources */ = {isa = PBXBuildFile; fileRef = 1E0532572AA4CE06005409BA /* ContentView.swift */; };
		1E05325A2AA4CE08005409BA /* Assets.xcassets in Resources */ = {isa = PBXBuildFile; fileRef = 1E0532592AA4CE08005409BA /* Assets.xcassets */; };
		1E05325D2AA4CE08005409BA /* Preview Assets.xcassets in Resources */ = {isa = PBXBuildFile; fileRef = 1E05325C2AA4CE08005409BA /* Preview Assets.xcassets */; };
		1E0532712AA4CF2C005409BA /* MainTabView.swift in Sources */ = {isa = PBXBuildFile; fileRef = 1E0532702AA4CF2C005409BA /* MainTabView.swift */; };
		1E0532732AA4E132005409BA /* ProfileView.swift in Sources */ = {isa = PBXBuildFile; fileRef = 1E0532722AA4E132005409BA /* ProfileView.swift */; };
		1E0532762AA51895005409BA /* UserStackView.swift in Sources */ = {isa = PBXBuildFile; fileRef = 1E0532752AA51895005409BA /* UserStackView.swift */; };
		1E7A87F72AA5AC8C00F595E7 /* Highlights.swift in Sources */ = {isa = PBXBuildFile; fileRef = 1E7A87F62AA5AC8C00F595E7 /* Highlights.swift */; };
		1E7A87F92AA5AD0F00F595E7 /* HighlightStory.swift in Sources */ = {isa = PBXBuildFile; fileRef = 1E7A87F82AA5AD0F00F595E7 /* HighlightStory.swift */; };
		1E7A87FC2AA5C89300F595E7 /* Grids.swift in Sources */ = {isa = PBXBuildFile; fileRef = 1E7A87FB2AA5C89300F595E7 /* Grids.swift */; };
		1E7A87FE2AA5C91500F595E7 /* LazyGrid.swift in Sources */ = {isa = PBXBuildFile; fileRef = 1E7A87FD2AA5C91500F595E7 /* LazyGrid.swift */; };
		1EDA966F2AA6F8C60073C4C0 /* FeedView.swift in Sources */ = {isa = PBXBuildFile; fileRef = 1EDA966E2AA6F8C60073C4C0 /* FeedView.swift */; };
		1EDA96712AA6F8CD0073C4C0 /* FeedCell.swift in Sources */ = {isa = PBXBuildFile; fileRef = 1EDA96702AA6F8CD0073C4C0 /* FeedCell.swift */; };
		1EF037CA2AA5FBE300032D43 /* HeaderTabBar.swift in Sources */ = {isa = PBXBuildFile; fileRef = 1EF037C92AA5FBE300032D43 /* HeaderTabBar.swift */; };
/* End PBXBuildFile section */

/* Begin PBXFileReference section */
		1E0532522AA4CE06005409BA /* Shunkan.app */ = {isa = PBXFileReference; explicitFileType = wrapper.application; includeInIndex = 0; path = Shunkan.app; sourceTree = BUILT_PRODUCTS_DIR; };
		1E0532552AA4CE06005409BA /* ShunkanApp.swift */ = {isa = PBXFileReference; lastKnownFileType = sourcecode.swift; path = ShunkanApp.swift; sourceTree = "<group>"; };
		1E0532572AA4CE06005409BA /* ContentView.swift */ = {isa = PBXFileReference; lastKnownFileType = sourcecode.swift; path = ContentView.swift; sourceTree = "<group>"; };
		1E0532592AA4CE08005409BA /* Assets.xcassets */ = {isa = PBXFileReference; lastKnownFileType = folder.assetcatalog; path = Assets.xcassets; sourceTree = "<group>"; };
		1E05325C2AA4CE08005409BA /* Preview Assets.xcassets */ = {isa = PBXFileReference; lastKnownFileType = folder.assetcatalog; path = "Preview Assets.xcassets"; sourceTree = "<group>"; };
		1E0532702AA4CF2C005409BA /* MainTabView.swift */ = {isa = PBXFileReference; lastKnownFileType = sourcecode.swift; path = MainTabView.swift; sourceTree = "<group>"; };
		1E0532722AA4E132005409BA /* ProfileView.swift */ = {isa = PBXFileReference; lastKnownFileType = sourcecode.swift; path = ProfileView.swift; sourceTree = "<group>"; };
		1E0532752AA51895005409BA /* UserStackView.swift */ = {isa = PBXFileReference; lastKnownFileType = sourcecode.swift; path = UserStackView.swift; sourceTree = "<group>"; };
		1E7A87F62AA5AC8C00F595E7 /* Highlights.swift */ = {isa = PBXFileReference; lastKnownFileType = sourcecode.swift; path = Highlights.swift; sourceTree = "<group>"; };
		1E7A87F82AA5AD0F00F595E7 /* HighlightStory.swift */ = {isa = PBXFileReference; lastKnownFileType = sourcecode.swift; path = HighlightStory.swift; sourceTree = "<group>"; };
		1E7A87FB2AA5C89300F595E7 /* Grids.swift */ = {isa = PBXFileReference; lastKnownFileType = sourcecode.swift; path = Grids.swift; sourceTree = "<group>"; };
		1E7A87FD2AA5C91500F595E7 /* LazyGrid.swift */ = {isa = PBXFileReference; lastKnownFileType = sourcecode.swift; path = LazyGrid.swift; sourceTree = "<group>"; };
		1EDA966E2AA6F8C60073C4C0 /* FeedView.swift */ = {isa = PBXFileReference; lastKnownFileType = sourcecode.swift; path = FeedView.swift; sourceTree = "<group>"; };
		1EDA96702AA6F8CD0073C4C0 /* FeedCell.swift */ = {isa = PBXFileReference; lastKnownFileType = sourcecode.swift; path = FeedCell.swift; sourceTree = "<group>"; };
		1EF037C92AA5FBE300032D43 /* HeaderTabBar.swift */ = {isa = PBXFileReference; lastKnownFileType = sourcecode.swift; path = HeaderTabBar.swift; sourceTree = "<group>"; };
/* End PBXFileReference section */

/* Begin PBXFrameworksBuildPhase section */
		1E05324F2AA4CE06005409BA /* Frameworks */ = {
			isa = PBXFrameworksBuildPhase;
			buildActionMask = 2147483647;
			files = (
			);
			runOnlyForDeploymentPostprocessing = 0;
		};
/* End PBXFrameworksBuildPhase section */

/* Begin PBXGroup section */
		1E0532492AA4CE06005409BA = {
			isa = PBXGroup;
			children = (
				1E0532542AA4CE06005409BA /* Shunkan */,
				1E0532532AA4CE06005409BA /* Products */,
			);
			sourceTree = "<group>";
		};
		1E0532532AA4CE06005409BA /* Products */ = {
			isa = PBXGroup;
			children = (
				1E0532522AA4CE06005409BA /* Shunkan.app */,
			);
			name = Products;
			sourceTree = "<group>";
		};
		1E0532542AA4CE06005409BA /* Shunkan */ = {
			isa = PBXGroup;
			children = (
				1E0532682AA4CE6F005409BA /* Services */,
				1E0532672AA4CE67005409BA /* Model */,
				1E0532662AA4CE60005409BA /* Extensions */,
				1E0532642AA4CE55005409BA /* Core */,
				1E0532632AA4CE41005409BA /* App */,
				1E0532572AA4CE06005409BA /* ContentView.swift */,
				1E0532592AA4CE08005409BA /* Assets.xcassets */,
				1E05325B2AA4CE08005409BA /* Preview Content */,
			);
			path = Shunkan;
			sourceTree = "<group>";
		};
		1E05325B2AA4CE08005409BA /* Preview Content */ = {
			isa = PBXGroup;
			children = (
				1E05325C2AA4CE08005409BA /* Preview Assets.xcassets */,
			);
			path = "Preview Content";
			sourceTree = "<group>";
		};
		1E0532632AA4CE41005409BA /* App */ = {
			isa = PBXGroup;
			children = (
				1E0532552AA4CE06005409BA /* ShunkanApp.swift */,
			);
			path = App;
			sourceTree = "<group>";
		};
		1E0532642AA4CE55005409BA /* Core */ = {
			isa = PBXGroup;
			children = (
				1E0532742AA5187B005409BA /* Components */,
				1E0532692AA4CE84005409BA /* Authentication */,
				1E05326A2AA4CE8F005409BA /* Feed */,
				1E05326B2AA4CE95005409BA /* Profile */,
				1E05326C2AA4CE9A005409BA /* Root */,
				1E05326D2AA4CE9E005409BA /* Search */,
				1E05326E2AA4CEE4005409BA /* TabBar */,
				1E05326F2AA4CEEB005409BA /* UploadPost */,
			);
			path = Core;
			sourceTree = "<group>";
		};
		1E0532662AA4CE60005409BA /* Extensions */ = {
			isa = PBXGroup;
			children = (
			);
			path = Extensions;
			sourceTree = "<group>";
		};
		1E0532672AA4CE67005409BA /* Model */ = {
			isa = PBXGroup;
			children = (
			);
			path = Model;
			sourceTree = "<group>";
		};
		1E0532682AA4CE6F005409BA /* Services */ = {
			isa = PBXGroup;
			children = (
			);
			path = Services;
			sourceTree = "<group>";
		};
		1E0532692AA4CE84005409BA /* Authentication */ = {
			isa = PBXGroup;
			children = (
			);
			path = Authentication;
			sourceTree = "<group>";
		};
		1E05326A2AA4CE8F005409BA /* Feed */ = {
			isa = PBXGroup;
			children = (
				1EDA966E2AA6F8C60073C4C0 /* FeedView.swift */,
				1EDA96702AA6F8CD0073C4C0 /* FeedCell.swift */,
			);
			path = Feed;
			sourceTree = "<group>";
		};
		1E05326B2AA4CE95005409BA /* Profile */ = {
			isa = PBXGroup;
			children = (
				1E7A87FA2AA5C88C00F595E7 /* Grids */,
				1E0532722AA4E132005409BA /* ProfileView.swift */,
			);
			path = Profile;
			sourceTree = "<group>";
		};
		1E05326C2AA4CE9A005409BA /* Root */ = {
			isa = PBXGroup;
			children = (
			);
			path = Root;
			sourceTree = "<group>";
		};
		1E05326D2AA4CE9E005409BA /* Search */ = {
			isa = PBXGroup;
			children = (
			);
			path = Search;
			sourceTree = "<group>";
		};
		1E05326E2AA4CEE4005409BA /* TabBar */ = {
			isa = PBXGroup;
			children = (
				1E0532702AA4CF2C005409BA /* MainTabView.swift */,
			);
			path = TabBar;
			sourceTree = "<group>";
		};
		1E05326F2AA4CEEB005409BA /* UploadPost */ = {
			isa = PBXGroup;
			children = (
			);
			path = UploadPost;
			sourceTree = "<group>";
		};
		1E0532742AA5187B005409BA /* Components */ = {
			isa = PBXGroup;
			children = (
				1E7A87F52AA5AC7E00F595E7 /* highlights */,
				1E0532752AA51895005409BA /* UserStackView.swift */,
			);
			path = Components;
			sourceTree = "<group>";
		};
		1E7A87F52AA5AC7E00F595E7 /* highlights */ = {
			isa = PBXGroup;
			children = (
				1E7A87F62AA5AC8C00F595E7 /* Highlights.swift */,
				1E7A87F82AA5AD0F00F595E7 /* HighlightStory.swift */,
			);
			path = highlights;
			sourceTree = "<group>";
		};
		1E7A87FA2AA5C88C00F595E7 /* Grids */ = {
			isa = PBXGroup;
			children = (
				1E7A87FB2AA5C89300F595E7 /* Grids.swift */,
				1E7A87FD2AA5C91500F595E7 /* LazyGrid.swift */,
				1EF037C92AA5FBE300032D43 /* HeaderTabBar.swift */,
			);
			path = Grids;
			sourceTree = "<group>";
		};
/* End PBXGroup section */

/* Begin PBXNativeTarget section */
		1E0532512AA4CE06005409BA /* Shunkan */ = {
			isa = PBXNativeTarget;
			buildConfigurationList = 1E0532602AA4CE08005409BA /* Build configuration list for PBXNativeTarget "Shunkan" */;
			buildPhases = (
				1E05324E2AA4CE06005409BA /* Sources */,
				1E05324F2AA4CE06005409BA /* Frameworks */,
				1E0532502AA4CE06005409BA /* Resources */,
			);
			buildRules = (
			);
			dependencies = (
			);
			name = Shunkan;
			productName = Shunkan;
			productReference = 1E0532522AA4CE06005409BA /* Shunkan.app */;
			productType = "com.apple.product-type.application";
		};
/* End PBXNativeTarget section */

/* Begin PBXProject section */
		1E05324A2AA4CE06005409BA /* Project object */ = {
			isa = PBXProject;
			attributes = {
				BuildIndependentTargetsInParallel = 1;
				LastSwiftUpdateCheck = 1430;
				LastUpgradeCheck = 1430;
				TargetAttributes = {
					1E0532512AA4CE06005409BA = {
						CreatedOnToolsVersion = 14.3.1;
					};
				};
			};
			buildConfigurationList = 1E05324D2AA4CE06005409BA /* Build configuration list for PBXProject "Shunkan" */;
			compatibilityVersion = "Xcode 14.0";
			developmentRegion = en;
			hasScannedForEncodings = 0;
			knownRegions = (
				en,
				Base,
			);
			mainGroup = 1E0532492AA4CE06005409BA;
			productRefGroup = 1E0532532AA4CE06005409BA /* Products */;
			projectDirPath = "";
			projectRoot = "";
			targets = (
				1E0532512AA4CE06005409BA /* Shunkan */,
			);
		};
/* End PBXProject section */

/* Begin PBXResourcesBuildPhase section */
		1E0532502AA4CE06005409BA /* Resources */ = {
			isa = PBXResourcesBuildPhase;
			buildActionMask = 2147483647;
			files = (
				1E05325D2AA4CE08005409BA /* Preview Assets.xcassets in Resources */,
				1E05325A2AA4CE08005409BA /* Assets.xcassets in Resources */,
			);
			runOnlyForDeploymentPostprocessing = 0;
		};
/* End PBXResourcesBuildPhase section */

/* Begin PBXSourcesBuildPhase section */
		1E05324E2AA4CE06005409BA /* Sources */ = {
			isa = PBXSourcesBuildPhase;
			buildActionMask = 2147483647;
			files = (
				1E0532732AA4E132005409BA /* ProfileView.swift in Sources */,
				1E7A87FE2AA5C91500F595E7 /* LazyGrid.swift in Sources */,
				1E0532582AA4CE06005409BA /* ContentView.swift in Sources */,
				1E7A87F72AA5AC8C00F595E7 /* Highlights.swift in Sources */,
				1EF037CA2AA5FBE300032D43 /* HeaderTabBar.swift in Sources */,
				1EDA96712AA6F8CD0073C4C0 /* FeedCell.swift in Sources */,
				1E0532562AA4CE06005409BA /* ShunkanApp.swift in Sources */,
				1EDA966F2AA6F8C60073C4C0 /* FeedView.swift in Sources */,
				1E0532712AA4CF2C005409BA /* MainTabView.swift in Sources */,
				1E0532762AA51895005409BA /* UserStackView.swift in Sources */,
				1E7A87F92AA5AD0F00F595E7 /* HighlightStory.swift in Sources */,
				1E7A87FC2AA5C89300F595E7 /* Grids.swift in Sources */,
			);
			runOnlyForDeploymentPostprocessing = 0;
		};
/* End PBXSourcesBuildPhase section */

/* Begin XCBuildConfiguration section */
		1E05325E2AA4CE08005409BA /* Debug */ = {
			isa = XCBuildConfiguration;
			buildSettings = {
				ALWAYS_SEARCH_USER_PATHS = NO;
				CLANG_ANALYZER_NONNULL = YES;
				CLANG_ANALYZER_NUMBER_OBJECT_CONVERSION = YES_AGGRESSIVE;
				CLANG_CXX_LANGUAGE_STANDARD = "gnu++20";
				CLANG_ENABLE_MODULES = YES;
				CLANG_ENABLE_OBJC_ARC = YES;
				CLANG_ENABLE_OBJC_WEAK = YES;
				CLANG_WARN_BLOCK_CAPTURE_AUTORELEASING = YES;
				CLANG_WARN_BOOL_CONVERSION = YES;
				CLANG_WARN_COMMA = YES;
				CLANG_WARN_CONSTANT_CONVERSION = YES;
				CLANG_WARN_DEPRECATED_OBJC_IMPLEMENTATIONS = YES;
				CLANG_WARN_DIRECT_OBJC_ISA_USAGE = YES_ERROR;
				CLANG_WARN_DOCUMENTATION_COMMENTS = YES;
				CLANG_WARN_EMPTY_BODY = YES;
				CLANG_WARN_ENUM_CONVERSION = YES;
				CLANG_WARN_INFINITE_RECURSION = YES;
				CLANG_WARN_INT_CONVERSION = YES;
				CLANG_WARN_NON_LITERAL_NULL_CONVERSION = YES;
				CLANG_WARN_OBJC_IMPLICIT_RETAIN_SELF = YES;
				CLANG_WARN_OBJC_LITERAL_CONVERSION = YES;
				CLANG_WARN_OBJC_ROOT_CLASS = YES_ERROR;
				CLANG_WARN_QUOTED_INCLUDE_IN_FRAMEWORK_HEADER = YES;
				CLANG_WARN_RANGE_LOOP_ANALYSIS = YES;
				CLANG_WARN_STRICT_PROTOTYPES = YES;
				CLANG_WARN_SUSPICIOUS_MOVE = YES;
				CLANG_WARN_UNGUARDED_AVAILABILITY = YES_AGGRESSIVE;
				CLANG_WARN_UNREACHABLE_CODE = YES;
				CLANG_WARN__DUPLICATE_METHOD_MATCH = YES;
				COPY_PHASE_STRIP = NO;
				DEBUG_INFORMATION_FORMAT = dwarf;
				ENABLE_STRICT_OBJC_MSGSEND = YES;
				ENABLE_TESTABILITY = YES;
				GCC_C_LANGUAGE_STANDARD = gnu11;
				GCC_DYNAMIC_NO_PIC = NO;
				GCC_NO_COMMON_BLOCKS = YES;
				GCC_OPTIMIZATION_LEVEL = 0;
				GCC_PREPROCESSOR_DEFINITIONS = (
					"DEBUG=1",
					"$(inherited)",
				);
				GCC_WARN_64_TO_32_BIT_CONVERSION = YES;
				GCC_WARN_ABOUT_RETURN_TYPE = YES_ERROR;
				GCC_WARN_UNDECLARED_SELECTOR = YES;
				GCC_WARN_UNINITIALIZED_AUTOS = YES_AGGRESSIVE;
				GCC_WARN_UNUSED_FUNCTION = YES;
				GCC_WARN_UNUSED_VARIABLE = YES;
				IPHONEOS_DEPLOYMENT_TARGET = 16.4;
				MTL_ENABLE_DEBUG_INFO = INCLUDE_SOURCE;
				MTL_FAST_MATH = YES;
				ONLY_ACTIVE_ARCH = YES;
				SDKROOT = iphoneos;
				SWIFT_ACTIVE_COMPILATION_CONDITIONS = DEBUG;
				SWIFT_OPTIMIZATION_LEVEL = "-Onone";
			};
			name = Debug;
		};
		1E05325F2AA4CE08005409BA /* Release */ = {
			isa = XCBuildConfiguration;
			buildSettings = {
				ALWAYS_SEARCH_USER_PATHS = NO;
				CLANG_ANALYZER_NONNULL = YES;
				CLANG_ANALYZER_NUMBER_OBJECT_CONVERSION = YES_AGGRESSIVE;
				CLANG_CXX_LANGUAGE_STANDARD = "gnu++20";
				CLANG_ENABLE_MODULES = YES;
				CLANG_ENABLE_OBJC_ARC = YES;
				CLANG_ENABLE_OBJC_WEAK = YES;
				CLANG_WARN_BLOCK_CAPTURE_AUTORELEASING = YES;
				CLANG_WARN_BOOL_CONVERSION = YES;
				CLANG_WARN_COMMA = YES;
				CLANG_WARN_CONSTANT_CONVERSION = YES;
				CLANG_WARN_DEPRECATED_OBJC_IMPLEMENTATIONS = YES;
				CLANG_WARN_DIRECT_OBJC_ISA_USAGE = YES_ERROR;
				CLANG_WARN_DOCUMENTATION_COMMENTS = YES;
				CLANG_WARN_EMPTY_BODY = YES;
				CLANG_WARN_ENUM_CONVERSION = YES;
				CLANG_WARN_INFINITE_RECURSION = YES;
				CLANG_WARN_INT_CONVERSION = YES;
				CLANG_WARN_NON_LITERAL_NULL_CONVERSION = YES;
				CLANG_WARN_OBJC_IMPLICIT_RETAIN_SELF = YES;
				CLANG_WARN_OBJC_LITERAL_CONVERSION = YES;
				CLANG_WARN_OBJC_ROOT_CLASS = YES_ERROR;
				CLANG_WARN_QUOTED_INCLUDE_IN_FRAMEWORK_HEADER = YES;
				CLANG_WARN_RANGE_LOOP_ANALYSIS = YES;
				CLANG_WARN_STRICT_PROTOTYPES = YES;
				CLANG_WARN_SUSPICIOUS_MOVE = YES;
				CLANG_WARN_UNGUARDED_AVAILABILITY = YES_AGGRESSIVE;
				CLANG_WARN_UNREACHABLE_CODE = YES;
				CLANG_WARN__DUPLICATE_METHOD_MATCH = YES;
				COPY_PHASE_STRIP = NO;
				DEBUG_INFORMATION_FORMAT = "dwarf-with-dsym";
				ENABLE_NS_ASSERTIONS = NO;
				ENABLE_STRICT_OBJC_MSGSEND = YES;
				GCC_C_LANGUAGE_STANDARD = gnu11;
				GCC_NO_COMMON_BLOCKS = YES;
				GCC_WARN_64_TO_32_BIT_CONVERSION = YES;
				GCC_WARN_ABOUT_RETURN_TYPE = YES_ERROR;
				GCC_WARN_UNDECLARED_SELECTOR = YES;
				GCC_WARN_UNINITIALIZED_AUTOS = YES_AGGRESSIVE;
				GCC_WARN_UNUSED_FUNCTION = YES;
				GCC_WARN_UNUSED_VARIABLE = YES;
				IPHONEOS_DEPLOYMENT_TARGET = 16.4;
				MTL_ENABLE_DEBUG_INFO = NO;
				MTL_FAST_MATH = YES;
				SDKROOT = iphoneos;
				SWIFT_COMPILATION_MODE = wholemodule;
				SWIFT_OPTIMIZATION_LEVEL = "-O";
				VALIDATE_PRODUCT = YES;
			};
			name = Release;
		};
		1E0532612AA4CE08005409BA /* Debug */ = {
			isa = XCBuildConfiguration;
			buildSettings = {
				ASSETCATALOG_COMPILER_APPICON_NAME = AppIcon;
				ASSETCATALOG_COMPILER_GLOBAL_ACCENT_COLOR_NAME = AccentColor;
				CODE_SIGN_STYLE = Automatic;
				CURRENT_PROJECT_VERSION = 1;
				DEVELOPMENT_ASSET_PATHS = "\"Shunkan/Preview Content\"";
				DEVELOPMENT_TEAM = RWNWK95DSQ;
				ENABLE_PREVIEWS = YES;
				GENERATE_INFOPLIST_FILE = YES;
				INFOPLIST_KEY_UIApplicationSceneManifest_Generation = YES;
				INFOPLIST_KEY_UIApplicationSupportsIndirectInputEvents = YES;
				INFOPLIST_KEY_UILaunchScreen_Generation = YES;
				INFOPLIST_KEY_UISupportedInterfaceOrientations_iPad = "UIInterfaceOrientationPortrait UIInterfaceOrientationPortraitUpsideDown UIInterfaceOrientationLandscapeLeft UIInterfaceOrientationLandscapeRight";
				INFOPLIST_KEY_UISupportedInterfaceOrientations_iPhone = "UIInterfaceOrientationPortrait UIInterfaceOrientationLandscapeLeft UIInterfaceOrientationLandscapeRight";
				LD_RUNPATH_SEARCH_PATHS = (
					"$(inherited)",
					"@executable_path/Frameworks",
				);
				MARKETING_VERSION = 1.0;
				PRODUCT_BUNDLE_IDENTIFIER = elric.Shunkan;
				PRODUCT_NAME = "$(TARGET_NAME)";
				SWIFT_EMIT_LOC_STRINGS = YES;
				SWIFT_VERSION = 5.0;
				TARGETED_DEVICE_FAMILY = "1,2";
			};
			name = Debug;
		};
		1E0532622AA4CE08005409BA /* Release */ = {
			isa = XCBuildConfiguration;
			buildSettings = {
				ASSETCATALOG_COMPILER_APPICON_NAME = AppIcon;
				ASSETCATALOG_COMPILER_GLOBAL_ACCENT_COLOR_NAME = AccentColor;
				CODE_SIGN_STYLE = Automatic;
				CURRENT_PROJECT_VERSION = 1;
				DEVELOPMENT_ASSET_PATHS = "\"Shunkan/Preview Content\"";
				DEVELOPMENT_TEAM = RWNWK95DSQ;
				ENABLE_PREVIEWS = YES;
				GENERATE_INFOPLIST_FILE = YES;
				INFOPLIST_KEY_UIApplicationSceneManifest_Generation = YES;
				INFOPLIST_KEY_UIApplicationSupportsIndirectInputEvents = YES;
				INFOPLIST_KEY_UILaunchScreen_Generation = YES;
				INFOPLIST_KEY_UISupportedInterfaceOrientations_iPad = "UIInterfaceOrientationPortrait UIInterfaceOrientationPortraitUpsideDown UIInterfaceOrientationLandscapeLeft UIInterfaceOrientationLandscapeRight";
				INFOPLIST_KEY_UISupportedInterfaceOrientations_iPhone = "UIInterfaceOrientationPortrait UIInterfaceOrientationLandscapeLeft UIInterfaceOrientationLandscapeRight";
				LD_RUNPATH_SEARCH_PATHS = (
					"$(inherited)",
					"@executable_path/Frameworks",
				);
				MARKETING_VERSION = 1.0;
				PRODUCT_BUNDLE_IDENTIFIER = elric.Shunkan;
				PRODUCT_NAME = "$(TARGET_NAME)";
				SWIFT_EMIT_LOC_STRINGS = YES;
				SWIFT_VERSION = 5.0;
				TARGETED_DEVICE_FAMILY = "1,2";
			};
			name = Release;
		};
/* End XCBuildConfiguration section */

/* Begin XCConfigurationList section */
		1E05324D2AA4CE06005409BA /* Build configuration list for PBXProject "Shunkan" */ = {
			isa = XCConfigurationList;
			buildConfigurations = (
				1E05325E2AA4CE08005409BA /* Debug */,
				1E05325F2AA4CE08005409BA /* Release */,
			);
			defaultConfigurationIsVisible = 0;
			defaultConfigurationName = Release;
		};
		1E0532602AA4CE08005409BA /* Build configuration list for PBXNativeTarget "Shunkan" */ = {
			isa = XCConfigurationList;
			buildConfigurations = (
				1E0532612AA4CE08005409BA /* Debug */,
				1E0532622AA4CE08005409BA /* Release */,
			);
			defaultConfigurationIsVisible = 0;
			defaultConfigurationName = Release;
		};
/* End XCConfigurationList section */
	};
	rootObject = 1E05324A2AA4CE06005409BA /* Project object */;
}
